// !$*UTF8*$!
{
	archiveVersion = 1;
	classes = {
	};
	objectVersion = 46;
	objects = {

/* Begin PBXBuildFile section */
		95EC88431F1E83E3006530FD /* AppDelegate.swift in Sources */ = {isa = PBXBuildFile; fileRef = 95EC88421F1E83E3006530FD /* AppDelegate.swift */; };
		95EC88481F1E83E3006530FD /* Main.storyboard in Resources */ = {isa = PBXBuildFile; fileRef = 95EC88461F1E83E3006530FD /* Main.storyboard */; };
		95EC884A1F1E83E3006530FD /* Assets.xcassets in Resources */ = {isa = PBXBuildFile; fileRef = 95EC88491F1E83E3006530FD /* Assets.xcassets */; };
		95EC884D1F1E83E3006530FD /* LaunchScreen.storyboard in Resources */ = {isa = PBXBuildFile; fileRef = 95EC884B1F1E83E3006530FD /* LaunchScreen.storyboard */; };
		95EC88561F1E9292006530FD /* UFCTableViewController.swift in Sources */ = {isa = PBXBuildFile; fileRef = 95EC88551F1E9292006530FD /* UFCTableViewController.swift */; };
		95EC88581F1E94F6006530FD /* UFCFighter.swift in Sources */ = {isa = PBXBuildFile; fileRef = 95EC88571F1E94F6006530FD /* UFCFighter.swift */; };
/* End PBXBuildFile section */

/* Begin PBXFileReference section */
		95EC883F1F1E83E3006530FD /* UFC-API.app */ = {isa = PBXFileReference; explicitFileType = wrapper.application; includeInIndex = 0; path = "UFC-API.app"; sourceTree = BUILT_PRODUCTS_DIR; };
		95EC88421F1E83E3006530FD /* AppDelegate.swift */ = {isa = PBXFileReference; lastKnownFileType = sourcecode.swift; path = AppDelegate.swift; sourceTree = "<group>"; };
		95EC88471F1E83E3006530FD /* Base */ = {isa = PBXFileReference; lastKnownFileType = file.storyboard; name = Base; path = Base.lproj/Main.storyboard; sourceTree = "<group>"; };
		95EC88491F1E83E3006530FD /* Assets.xcassets */ = {isa = PBXFileReference; lastKnownFileType = folder.assetcatalog; path = Assets.xcassets; sourceTree = "<group>"; };
		95EC884C1F1E83E3006530FD /* Base */ = {isa = PBXFileReference; lastKnownFileType = file.storyboard; name = Base; path = Base.lproj/LaunchScreen.storyboard; sourceTree = "<group>"; };
		95EC884E1F1E83E3006530FD /* Info.plist */ = {isa = PBXFileReference; lastKnownFileType = text.plist.xml; path = Info.plist; sourceTree = "<group>"; };
		95EC88551F1E9292006530FD /* UFCTableViewController.swift */ = {isa = PBXFileReference; fileEncoding = 4; lastKnownFileType = sourcecode.swift; path = UFCTableViewController.swift; sourceTree = "<group>"; };
		95EC88571F1E94F6006530FD /* UFCFighter.swift */ = {isa = PBXFileReference; fileEncoding = 4; lastKnownFileType = sourcecode.swift; path = UFCFighter.swift; sourceTree = "<group>"; };
/* End PBXFileReference section */

/* Begin PBXFrameworksBuildPhase section */
		95EC883C1F1E83E3006530FD /* Frameworks */ = {
			isa = PBXFrameworksBuildPhase;
			buildActionMask = 2147483647;
			files = (
			);
			runOnlyForDeploymentPostprocessing = 0;
		};
/* End PBXFrameworksBuildPhase section */

/* Begin PBXGroup section */
		95EC88361F1E83E3006530FD = {
			isa = PBXGroup;
			children = (
				95EC88411F1E83E3006530FD /* UFC-API */,
				95EC88401F1E83E3006530FD /* Products */,
			);
			sourceTree = "<group>";
		};
		95EC88401F1E83E3006530FD /* Products */ = {
			isa = PBXGroup;
			children = (
				95EC883F1F1E83E3006530FD /* UFC-API.app */,
			);
			name = Products;
			sourceTree = "<group>";
		};
		95EC88411F1E83E3006530FD /* UFC-API */ = {
			isa = PBXGroup;
			children = (
				95EC88461F1E83E3006530FD /* Main.storyboard */,
				95EC88551F1E9292006530FD /* UFCTableViewController.swift */,
				95EC88571F1E94F6006530FD /* UFCFighter.swift */,
				95EC88541F1E83FD006530FD /* Resources */,
			);
			path = "UFC-API";
			sourceTree = "<group>";
		};
		95EC88541F1E83FD006530FD /* Resources */ = {
			isa = PBXGroup;
			children = (
				95EC88421F1E83E3006530FD /* AppDelegate.swift */,
				95EC884E1F1E83E3006530FD /* Info.plist */,
				95EC884B1F1E83E3006530FD /* LaunchScreen.storyboard */,
				95EC88491F1E83E3006530FD /* Assets.xcassets */,
			);
			name = Resources;
			sourceTree = "<group>";
		};
/* End PBXGroup section */

/* Begin PBXNativeTarget section */
		95EC883E1F1E83E3006530FD /* UFC-API */ = {
			isa = PBXNativeTarget;
			buildConfigurationList = 95EC88511F1E83E3006530FD /* Build configuration list for PBXNativeTarget "UFC-API" */;
			buildPhases = (
				95EC883B1F1E83E3006530FD /* Sources */,
				95EC883C1F1E83E3006530FD /* Frameworks */,
				95EC883D1F1E83E3006530FD /* Resources */,
			);
			buildRules = (
			);
			dependencies = (
			);
			name = "UFC-API";
			productName = "UFC-API";
			productReference = 95EC883F1F1E83E3006530FD /* UFC-API.app */;
			productType = "com.apple.product-type.application";
		};
/* End PBXNativeTarget section */

/* Begin PBXProject section */
		95EC88371F1E83E3006530FD /* Project object */ = {
			isa = PBXProject;
			attributes = {
				LastSwiftUpdateCheck = 0830;
				LastUpgradeCheck = 0830;
				ORGANIZATIONNAME = LuisPuentes;
				TargetAttributes = {
					95EC883E1F1E83E3006530FD = {
						CreatedOnToolsVersion = 8.3.3;
						DevelopmentTeam = H9L7P6ZCN6;
						ProvisioningStyle = Automatic;
					};
				};
			};
			buildConfigurationList = 95EC883A1F1E83E3006530FD /* Build configuration list for PBXProject "UFC-API" */;
			compatibilityVersion = "Xcode 3.2";
			developmentRegion = English;
			hasScannedForEncodings = 0;
			knownRegions = (
				en,
				Base,
			);
			mainGroup = 95EC88361F1E83E3006530FD;
			productRefGroup = 95EC88401F1E83E3006530FD /* Products */;
			projectDirPath = "";
			projectRoot = "";
			targets = (
				95EC883E1F1E83E3006530FD /* UFC-API */,
			);
		};
/* End PBXProject section */

/* Begin PBXResourcesBuildPhase section */
		95EC883D1F1E83E3006530FD /* Resources */ = {
			isa = PBXResourcesBuildPhase;
			buildActionMask = 2147483647;
			files = (
				95EC884D1F1E83E3006530FD /* LaunchScreen.storyboard in Resources */,
				95EC884A1F1E83E3006530FD /* Assets.xcassets in Resources */,
				95EC88481F1E83E3006530FD /* Main.storyboard in Resources */,
			);
			runOnlyForDeploymentPostprocessing = 0;
		};
/* End PBXResourcesBuildPhase section */

/* Begin PBXSourcesBuildPhase section */
		95EC883B1F1E83E3006530FD /* Sources */ = {
			isa = PBXSourcesBuildPhase;
			buildActionMask = 2147483647;
			files = (
				95EC88561F1E9292006530FD /* UFCTableViewController.swift in Sources */,
				95EC88581F1E94F6006530FD /* UFCFighter.swift in Sources */,
				95EC88431F1E83E3006530FD /* AppDelegate.swift in Sources */,
			);
			runOnlyForDeploymentPostprocessing = 0;
		};
/* End PBXSourcesBuildPhase section */

/* Begin PBXVariantGroup section */
		95EC88461F1E83E3006530FD /* Main.storyboard */ = {
			isa = PBXVariantGroup;
			children = (
				95EC88471F1E83E3006530FD /* Base */,
			);
			name = Main.storyboard;
			sourceTree = "<group>";
		};
		95EC884B1F1E83E3006530FD /* LaunchScreen.storyboard */ = {
			isa = PBXVariantGroup;
			children = (
				95EC884C1F1E83E3006530FD /* Base */,
			);
			name = LaunchScreen.storyboard;
			sourceTree = "<group>";
		};
/* End PBXVariantGroup section */

/* Begin XCBuildConfiguration section */
		95EC884F1F1E83E3006530FD /* Debug */ = {
			isa = XCBuildConfiguration;
			buildSettings = {
				ALWAYS_SEARCH_USER_PATHS = NO;
				CLANG_ANALYZER_NONNULL = YES;
				CLANG_ANALYZER_NUMBER_OBJECT_CONVERSION = YES_AGGRESSIVE;
				CLANG_CXX_LANGUAGE_STANDARD = "gnu++0x";
				CLANG_CXX_LIBRARY = "libc++";
				CLANG_ENABLE_MODULES = YES;
				CLANG_ENABLE_OBJC_ARC = YES;
				CLANG_WARN_BOOL_CONVERSION = YES;
				CLANG_WARN_CONSTANT_CONVERSION = YES;
				CLANG_WARN_DIRECT_OBJC_ISA_USAGE = YES_ERROR;
				CLANG_WARN_DOCUMENTATION_COMMENTS = YES;
				CLANG_WARN_EMPTY_BODY = YES;
				CLANG_WARN_ENUM_CONVERSION = YES;
				CLANG_WARN_INFINITE_RECURSION = YES;
				CLANG_WARN_INT_CONVERSION = YES;
				CLANG_WARN_OBJC_ROOT_CLASS = YES_ERROR;
				CLANG_WARN_SUSPICIOUS_MOVE = YES;
				CLANG_WARN_UNREACHABLE_CODE = YES;
				CLANG_WARN__DUPLICATE_METHOD_MATCH = YES;
				"CODE_SIGN_IDENTITY[sdk=iphoneos*]" = "iPhone Developer";
				COPY_PHASE_STRIP = NO;
				DEBUG_INFORMATION_FORMAT = dwarf;
				ENABLE_STRICT_OBJC_MSGSEND = YES;
				ENABLE_TESTABILITY = YES;
				GCC_C_LANGUAGE_STANDARD = gnu99;
				GCC_DYNAMIC_NO_PIC = NO;
				GCC_NO_COMMON_BLOCKS = YES;
				GCC_OPTIMIZATION_LEVEL = 0;
				GCC_PREPROCESSOR_DEFINITIONS = (
					"DEBUG=1",
					"$(inherited)",
				);
				GCC_WARN_64_TO_32_BIT_CONVERSION = YES;
				GCC_WARN_ABOUT_RETURN_TYPE = YES_ERROR;
				GCC_WARN_UNDECLARED_SELECTOR = YES;
				GCC_WARN_UNINITIALIZED_AUTOS = YES_AGGRESSIVE;
				GCC_WARN_UNUSED_FUNCTION = YES;
				GCC_WARN_UNUSED_VARIABLE = YES;
				IPHONEOS_DEPLOYMENT_TARGET = 10.3;
				MTL_ENABLE_DEBUG_INFO = YES;
				ONLY_ACTIVE_ARCH = YES;
				SDKROOT = iphoneos;
				SWIFT_ACTIVE_COMPILATION_CONDITIONS = DEBUG;
				SWIFT_OPTIMIZATION_LEVEL = "-Onone";
				TARGETED_DEVICE_FAMILY = "1,2";
			};
			name = Debug;
		};
		95EC88501F1E83E3006530FD /* Release */ = {
			isa = XCBuildConfiguration;
			buildSettings = {
				ALWAYS_SEARCH_USER_PATHS = NO;
				CLANG_ANALYZER_NONNULL = YES;
				CLANG_ANALYZER_NUMBER_OBJECT_CONVERSION = YES_AGGRESSIVE;
				CLANG_CXX_LANGUAGE_STANDARD = "gnu++0x";
				CLANG_CXX_LIBRARY = "libc++";
				CLANG_ENABLE_MODULES = YES;
				CLANG_ENABLE_OBJC_ARC = YES;
				CLANG_WARN_BOOL_CONVERSION = YES;
				CLANG_WARN_CONSTANT_CONVERSION = YES;
				CLANG_WARN_DIRECT_OBJC_ISA_USAGE = YES_ERROR;
				CLANG_WARN_DOCUMENTATION_COMMENTS = YES;
				CLANG_WARN_EMPTY_BODY = YES;
				CLANG_WARN_ENUM_CONVERSION = YES;
				CLANG_WARN_INFINITE_RECURSION = YES;
				CLANG_WARN_INT_CONVERSION = YES;
				CLANG_WARN_OBJC_ROOT_CLASS = YES_ERROR;
				CLANG_WARN_SUSPICIOUS_MOVE = YES;
				CLANG_WARN_UNREACHABLE_CODE = YES;
				CLANG_WARN__DUPLICATE_METHOD_MATCH = YES;
				"CODE_SIGN_IDENTITY[sdk=iphoneos*]" = "iPhone Developer";
				COPY_PHASE_STRIP = NO;
				DEBUG_INFORMATION_FORMAT = "dwarf-with-dsym";
				ENABLE_NS_ASSERTIONS = NO;
				ENABLE_STRICT_OBJC_MSGSEND = YES;
				GCC_C_LANGUAGE_STANDARD = gnu99;
				GCC_NO_COMMON_BLOCKS = YES;
				GCC_WARN_64_TO_32_BIT_CONVERSION = YES;
				GCC_WARN_ABOUT_RETURN_TYPE = YES_ERROR;
				GCC_WARN_UNDECLARED_SELECTOR = YES;
				GCC_WARN_UNINITIALIZED_AUTOS = YES_AGGRESSIVE;
				GCC_WARN_UNUSED_FUNCTION = YES;
				GCC_WARN_UNUSED_VARIABLE = YES;
				IPHONEOS_DEPLOYMENT_TARGET = 10.3;
				MTL_ENABLE_DEBUG_INFO = NO;
				SDKROOT = iphoneos;
				SWIFT_OPTIMIZATION_LEVEL = "-Owholemodule";
				TARGETED_DEVICE_FAMILY = "1,2";
				VALIDATE_PRODUCT = YES;
			};
			name = Release;
		};
		95EC88521F1E83E3006530FD /* Debug */ = {
			isa = XCBuildConfiguration;
			buildSettings = {
				ASSETCATALOG_COMPILER_APPICON_NAME = AppIcon;
				DEVELOPMENT_TEAM = H9L7P6ZCN6;
				INFOPLIST_FILE = "UFC-API/Info.plist";
				LD_RUNPATH_SEARCH_PATHS = "$(inherited) @executable_path/Frameworks";
				PRODUCT_BUNDLE_IDENTIFIER = "com.UFC-API";
				PRODUCT_NAME = "$(TARGET_NAME)";
				SWIFT_VERSION = 3.0;
			};
			name = Debug;
		};
		95EC88531F1E83E3006530FD /* Release */ = {
			isa = XCBuildConfiguration;
			buildSettings = {
				ASSETCATALOG_COMPILER_APPICON_NAME = AppIcon;
				DEVELOPMENT_TEAM = H9L7P6ZCN6;
				INFOPLIST_FILE = "UFC-API/Info.plist";
				LD_RUNPATH_SEARCH_PATHS = "$(inherited) @executable_path/Frameworks";
				PRODUCT_BUNDLE_IDENTIFIER = "com.UFC-API";
				PRODUCT_NAME = "$(TARGET_NAME)";
				SWIFT_VERSION = 3.0;
			};
			name = Release;
		};
/* End XCBuildConfiguration section */

/* Begin XCConfigurationList section */
		95EC883A1F1E83E3006530FD /* Build configuration list for PBXProject "UFC-API" */ = {
			isa = XCConfigurationList;
			buildConfigurations = (
				95EC884F1F1E83E3006530FD /* Debug */,
				95EC88501F1E83E3006530FD /* Release */,
			);
			defaultConfigurationIsVisible = 0;
			defaultConfigurationName = Release;
		};
		95EC88511F1E83E3006530FD /* Build configuration list for PBXNativeTarget "UFC-API" */ = {
			isa = XCConfigurationList;
			buildConfigurations = (
				95EC88521F1E83E3006530FD /* Debug */,
				95EC88531F1E83E3006530FD /* Release */,
			);
			defaultConfigurationIsVisible = 0;
			defaultConfigurationName = Release;
		};
/* End XCConfigurationList section */
	};
	rootObject = 95EC88371F1E83E3006530FD /* Project object */;
}
